
Microsoft Visual Studio Solution File, Format Version 12.00
Project("{FAE04EC0-301F-11D3-BF4B-00C04F79EFBC}") = "SortAlgorithms", "SortAlgorithms\SortAlgorithms.csproj", "{DF225E90-1650-4F36-96F4-815F425F8487}"
EndProject
Project("{FAE04EC0-301F-11D3-BF4B-00C04F79EFBC}") = "SortAlgorithms.Tests", "SortAlgorithms.Tests\SortAlgorithms.Tests.csproj", "{92F02070-95E4-4025-9C4E-A843C431C980}"
EndProject
Global
	GlobalSection(SolutionConfigurationPlatforms) = preSolution
		Debug|Any CPU = Debug|Any CPU
		Release|Any CPU = Release|Any CPU
	EndGlobalSection
	GlobalSection(ProjectConfigurationPlatforms) = postSolution
		{DF225E90-1650-4F36-96F4-815F425F8487}.Debug|Any CPU.ActiveCfg = Debug|Any CPU
		{DF225E90-1650-4F36-96F4-815F425F8487}.Debug|Any CPU.Build.0 = Debug|Any CPU
		{DF225E90-1650-4F36-96F4-815F425F8487}.Release|Any CPU.ActiveCfg = Release|Any CPU
		{DF225E90-1650-4F36-96F4-815F425F8487}.Release|Any CPU.Build.0 = Release|Any CPU
		{92F02070-95E4-4025-9C4E-A843C431C980}.Debug|Any CPU.ActiveCfg = Debug|Any CPU
		{92F02070-95E4-4025-9C4E-A843C431C980}.Debug|Any CPU.Build.0 = Debug|Any CPU
		{92F02070-95E4-4025-9C4E-A843C431C980}.Release|Any CPU.ActiveCfg = Release|Any CPU
		{92F02070-95E4-4025-9C4E-A843C431C980}.Release|Any CPU.Build.0 = Release|Any CPU
	EndGlobalSection
EndGlobal
